
Microsoft Visual Studio Solution File, Format Version 12.00
# Visual Studio Version 17
VisualStudioVersion = 17.1.32210.238
MinimumVisualStudioVersion = 10.0.40219.1
Project("{9A19103F-16F7-4668-BE54-9A1E7A4F7556}") = "Microsoft.OpenApi", "src\Microsoft.OpenApi\Microsoft.OpenApi.csproj", "{A8E50143-69B2-472A-9D45-3F9A05D13202}"
EndProject
Project("{2150E333-8FDC-42A3-9474-1A3956D46DE8}") = "Solution Items", "Solution Items", "{4AEDAD90-F854-4940-BFEE-6374CC92CAB0}"
	ProjectSection(SolutionItems) = preProject
		.editorconfig = .editorconfig
		build.cmd = build.cmd
		readme.md = readme.md
	EndProjectSection
EndProject
Project("{9A19103F-16F7-4668-BE54-9A1E7A4F7556}") = "Microsoft.OpenApi.Workbench", "src\Microsoft.OpenApi.Workbench\Microsoft.OpenApi.Workbench.csproj", "{6A5E91E5-0441-46EE-AEB9-8334981B7F08}"
EndProject
Project("{9A19103F-16F7-4668-BE54-9A1E7A4F7556}") = "Microsoft.OpenApi.Readers", "src\Microsoft.OpenApi.Readers\Microsoft.OpenApi.Readers.csproj", "{79933258-0126-4382-8755-D50820ECC483}"
EndProject
Project("{9A19103F-16F7-4668-BE54-9A1E7A4F7556}") = "Microsoft.OpenApi.Tests", "test\Microsoft.OpenApi.Tests\Microsoft.OpenApi.Tests.csproj", "{AD83F991-DBF3-4251-8613-9CC54C826964}"
EndProject
Project("{9A19103F-16F7-4668-BE54-9A1E7A4F7556}") = "Microsoft.OpenApi.Readers.Tests", "test\Microsoft.OpenApi.Readers.Tests\Microsoft.OpenApi.Readers.Tests.csproj", "{1ED3C2C1-E1E7-4925-B4E6-2D969C3F5237}"
EndProject
Project("{2150E333-8FDC-42A3-9474-1A3956D46DE8}") = "src", "src", "{E546B92F-20A8-49C3-8323-4B25BB78F3E1}"
EndProject
Project("{2150E333-8FDC-42A3-9474-1A3956D46DE8}") = "test", "test", "{6357D7FD-2DE4-4900-ADB9-ABC37052040A}"
EndProject
Project("{9A19103F-16F7-4668-BE54-9A1E7A4F7556}") = "Microsoft.OpenApi.Hidi", "src\Microsoft.OpenApi.Hidi\Microsoft.OpenApi.Hidi.csproj", "{254841B5-7DAC-4D1D-A9C5-44FE5CE467BE}"
EndProject
Project("{FAE04EC0-301F-11D3-BF4B-00C04F79EFBC}") = "Microsoft.OpenApi.Hidi.Tests", "test\Microsoft.OpenApi.Hidi.Tests\Microsoft.OpenApi.Hidi.Tests.csproj", "{D8F799DD-04AC-4A13-B344-45A5B944450A}"
EndProject
Project("{FAE04EC0-301F-11D3-BF4B-00C04F79EFBC}") = "Microsoft.OpenApi.Trimming.Tests", "test\Microsoft.OpenApi.Trimming.Tests\Microsoft.OpenApi.Trimming.Tests.csproj", "{1D2E0C6E-B103-4CB6-912E-D56FA1501296}"
EndProject
Global
	GlobalSection(SolutionConfigurationPlatforms) = preSolution
		Debug|Any CPU = Debug|Any CPU
		Release|Any CPU = Release|Any CPU
	EndGlobalSection
	GlobalSection(ProjectConfigurationPlatforms) = postSolution
		{A8E50143-69B2-472A-9D45-3F9A05D13202}.Debug|Any CPU.ActiveCfg = Debug|Any CPU
		{A8E50143-69B2-472A-9D45-3F9A05D13202}.Debug|Any CPU.Build.0 = Debug|Any CPU
		{A8E50143-69B2-472A-9D45-3F9A05D13202}.Release|Any CPU.ActiveCfg = Release|Any CPU
		{A8E50143-69B2-472A-9D45-3F9A05D13202}.Release|Any CPU.Build.0 = Release|Any CPU
		{6A5E91E5-0441-46EE-AEB9-8334981B7F08}.Debug|Any CPU.ActiveCfg = Debug|Any CPU
		{6A5E91E5-0441-46EE-AEB9-8334981B7F08}.Debug|Any CPU.Build.0 = Debug|Any CPU
		{6A5E91E5-0441-46EE-AEB9-8334981B7F08}.Release|Any CPU.ActiveCfg = Release|Any CPU
		{6A5E91E5-0441-46EE-AEB9-8334981B7F08}.Release|Any CPU.Build.0 = Release|Any CPU
		{79933258-0126-4382-8755-D50820ECC483}.Debug|Any CPU.ActiveCfg = Debug|Any CPU
		{79933258-0126-4382-8755-D50820ECC483}.Debug|Any CPU.Build.0 = Debug|Any CPU
		{79933258-0126-4382-8755-D50820ECC483}.Release|Any CPU.ActiveCfg = Release|Any CPU
		{79933258-0126-4382-8755-D50820ECC483}.Release|Any CPU.Build.0 = Release|Any CPU
		{AD83F991-DBF3-4251-8613-9CC54C826964}.Debug|Any CPU.ActiveCfg = Debug|Any CPU
		{AD83F991-DBF3-4251-8613-9CC54C826964}.Debug|Any CPU.Build.0 = Debug|Any CPU
		{AD83F991-DBF3-4251-8613-9CC54C826964}.Release|Any CPU.ActiveCfg = Release|Any CPU
		{AD83F991-DBF3-4251-8613-9CC54C826964}.Release|Any CPU.Build.0 = Release|Any CPU
		{1ED3C2C1-E1E7-4925-B4E6-2D969C3F5237}.Debug|Any CPU.ActiveCfg = Debug|Any CPU
		{1ED3C2C1-E1E7-4925-B4E6-2D969C3F5237}.Debug|Any CPU.Build.0 = Debug|Any CPU
		{1ED3C2C1-E1E7-4925-B4E6-2D969C3F5237}.Release|Any CPU.ActiveCfg = Release|Any CPU
		{1ED3C2C1-E1E7-4925-B4E6-2D969C3F5237}.Release|Any CPU.Build.0 = Release|Any CPU
		{254841B5-7DAC-4D1D-A9C5-44FE5CE467BE}.Debug|Any CPU.ActiveCfg = Debug|Any CPU
		{254841B5-7DAC-4D1D-A9C5-44FE5CE467BE}.Debug|Any CPU.Build.0 = Debug|Any CPU
		{254841B5-7DAC-4D1D-A9C5-44FE5CE467BE}.Release|Any CPU.ActiveCfg = Release|Any CPU
		{254841B5-7DAC-4D1D-A9C5-44FE5CE467BE}.Release|Any CPU.Build.0 = Release|Any CPU
		{D8F799DD-04AC-4A13-B344-45A5B944450A}.Debug|Any CPU.ActiveCfg = Debug|Any CPU
		{D8F799DD-04AC-4A13-B344-45A5B944450A}.Debug|Any CPU.Build.0 = Debug|Any CPU
		{D8F799DD-04AC-4A13-B344-45A5B944450A}.Release|Any CPU.ActiveCfg = Release|Any CPU
		{D8F799DD-04AC-4A13-B344-45A5B944450A}.Release|Any CPU.Build.0 = Release|Any CPU
		{1D2E0C6E-B103-4CB6-912E-D56FA1501296}.Debug|Any CPU.ActiveCfg = Debug|Any CPU
		{1D2E0C6E-B103-4CB6-912E-D56FA1501296}.Debug|Any CPU.Build.0 = Debug|Any CPU
		{1D2E0C6E-B103-4CB6-912E-D56FA1501296}.Release|Any CPU.ActiveCfg = Release|Any CPU
		{1D2E0C6E-B103-4CB6-912E-D56FA1501296}.Release|Any CPU.Build.0 = Release|Any CPU
	EndGlobalSection
	GlobalSection(SolutionProperties) = preSolution
		HideSolutionNode = FALSE
	EndGlobalSection
	GlobalSection(NestedProjects) = preSolution
		{A8E50143-69B2-472A-9D45-3F9A05D13202} = {E546B92F-20A8-49C3-8323-4B25BB78F3E1}
		{6A5E91E5-0441-46EE-AEB9-8334981B7F08} = {E546B92F-20A8-49C3-8323-4B25BB78F3E1}
		{79933258-0126-4382-8755-D50820ECC483} = {E546B92F-20A8-49C3-8323-4B25BB78F3E1}
		{AD83F991-DBF3-4251-8613-9CC54C826964} = {6357D7FD-2DE4-4900-ADB9-ABC37052040A}
		{1ED3C2C1-E1E7-4925-B4E6-2D969C3F5237} = {6357D7FD-2DE4-4900-ADB9-ABC37052040A}
		{254841B5-7DAC-4D1D-A9C5-44FE5CE467BE} = {E546B92F-20A8-49C3-8323-4B25BB78F3E1}
		{D8F799DD-04AC-4A13-B344-45A5B944450A} = {6357D7FD-2DE4-4900-ADB9-ABC37052040A}
		{1D2E0C6E-B103-4CB6-912E-D56FA1501296} = {6357D7FD-2DE4-4900-ADB9-ABC37052040A}
	EndGlobalSection
	GlobalSection(ExtensibilityGlobals) = postSolution
		SolutionGuid = {9F171EFC-0DB5-4B10-ABFA-AF48D52CC565}
	EndGlobalSection
EndGlobal
